
Microsoft Visual Studio Solution File, Format Version 12.00
# Visual Studio Version 16
VisualStudioVersion = 16.0.30309.148
MinimumVisualStudioVersion = 10.0.40219.1
Project("{8BC9CEB8-8B4A-11D0-8D11-00A0C91BC942}") = "01_dictionary", "01_dictionary\01_dictionary.vcxproj", "{59202A0C-A250-4B9B-B23E-44D2B59985D9}"
EndProject
Project("{8BC9CEB8-8B4A-11D0-8D11-00A0C91BC942}") = "02_wordrelay", "02_wordrelay\02_wordrelay.vcxproj", "{7FFBCE6F-8ECC-4E8C-9E72-DFF7AB8EF319}"
EndProject
Project("{8BC9CEB8-8B4A-11D0-8D11-00A0C91BC942}") = "03_sortinggame", "03_sortinggame\03_sortinggame\03_sortinggame.vcxproj", "{A8B92665-F502-4BBC-A526-CFE3C149E89B}"
EndProject
Global
	GlobalSection(SolutionConfigurationPlatforms) = preSolution
		Debug|x64 = Debug|x64
		Debug|x86 = Debug|x86
		Release|x64 = Release|x64
		Release|x86 = Release|x86
	EndGlobalSection
	GlobalSection(ProjectConfigurationPlatforms) = postSolution
		{59202A0C-A250-4B9B-B23E-44D2B59985D9}.Debug|x64.ActiveCfg = Debug|x64
		{59202A0C-A250-4B9B-B23E-44D2B59985D9}.Debug|x64.Build.0 = Debug|x64
		{59202A0C-A250-4B9B-B23E-44D2B59985D9}.Debug|x86.ActiveCfg = Debug|Win32
		{59202A0C-A250-4B9B-B23E-44D2B59985D9}.Debug|x86.Build.0 = Debug|Win32
		{59202A0C-A250-4B9B-B23E-44D2B59985D9}.Release|x64.ActiveCfg = Release|x64
		{59202A0C-A250-4B9B-B23E-44D2B59985D9}.Release|x64.Build.0 = Release|x64
		{59202A0C-A250-4B9B-B23E-44D2B59985D9}.Release|x86.ActiveCfg = Release|Win32
		{59202A0C-A250-4B9B-B23E-44D2B59985D9}.Release|x86.Build.0 = Release|Win32
		{7FFBCE6F-8ECC-4E8C-9E72-DFF7AB8EF319}.Debug|x64.ActiveCfg = Debug|x64
		{7FFBCE6F-8ECC-4E8C-9E72-DFF7AB8EF319}.Debug|x64.Build.0 = Debug|x64
		{7FFBCE6F-8ECC-4E8C-9E72-DFF7AB8EF319}.Debug|x86.ActiveCfg = Debug|Win32
		{7FFBCE6F-8ECC-4E8C-9E72-DFF7AB8EF319}.Debug|x86.Build.0 = Debug|Win32
		{7FFBCE6F-8ECC-4E8C-9E72-DFF7AB8EF319}.Release|x64.ActiveCfg = Release|x64
		{7FFBCE6F-8ECC-4E8C-9E72-DFF7AB8EF319}.Release|x64.Build.0 = Release|x64
		{7FFBCE6F-8ECC-4E8C-9E72-DFF7AB8EF319}.Release|x86.ActiveCfg = Release|Win32
		{7FFBCE6F-8ECC-4E8C-9E72-DFF7AB8EF319}.Release|x86.Build.0 = Release|Win32
		{A8B92665-F502-4BBC-A526-CFE3C149E89B}.Debug|x64.ActiveCfg = Debug|x64
		{A8B92665-F502-4BBC-A526-CFE3C149E89B}.Debug|x64.Build.0 = Debug|x64
		{A8B92665-F502-4BBC-A526-CFE3C149E89B}.Debug|x86.ActiveCfg = Debug|Win32
		{A8B92665-F502-4BBC-A526-CFE3C149E89B}.Debug|x86.Build.0 = Debug|Win32
		{A8B92665-F502-4BBC-A526-CFE3C149E89B}.Release|x64.ActiveCfg = Release|x64
		{A8B92665-F502-4BBC-A526-CFE3C149E89B}.Release|x64.Build.0 = Release|x64
		{A8B92665-F502-4BBC-A526-CFE3C149E89B}.Release|x86.ActiveCfg = Release|Win32
		{A8B92665-F502-4BBC-A526-CFE3C149E89B}.Release|x86.Build.0 = Release|Win32
	EndGlobalSection
	GlobalSection(SolutionProperties) = preSolution
		HideSolutionNode = FALSE
	EndGlobalSection
	GlobalSection(ExtensibilityGlobals) = postSolution
		SolutionGuid = {61351C0A-E4A6-4E3A-9089-F7871899BA13}
	EndGlobalSection
EndGlobal
